
Microsoft Visual Studio Solution File, Format Version 12.00
# Visual Studio 2012
Project("{FAE04EC0-301F-11D3-BF4B-00C04F79EFBC}") = "ElasticSearch.Net", "ElasticSearch.Net.csproj", "{EBD26A13-2E0A-4B4B-91EB-AC346E892A90}"
EndProject
Project("{FAE04EC0-301F-11D3-BF4B-00C04F79EFBC}") = "Test.ElasticSearch.Net", "..\Test.ElasticSearch.Net\Test.ElasticSearch.Net.csproj", "{520EA3E4-7D11-4F1B-B25E-373AFA36A2FF}"
EndProject
Global
	GlobalSection(SolutionConfigurationPlatforms) = preSolution
		Debug|Any CPU = Debug|Any CPU
		Release|Any CPU = Release|Any CPU
	EndGlobalSection
	GlobalSection(ProjectConfigurationPlatforms) = postSolution
		{EBD26A13-2E0A-4B4B-91EB-AC346E892A90}.Debug|Any CPU.ActiveCfg = Debug|Any CPU
		{EBD26A13-2E0A-4B4B-91EB-AC346E892A90}.Debug|Any CPU.Build.0 = Debug|Any CPU
		{EBD26A13-2E0A-4B4B-91EB-AC346E892A90}.Release|Any CPU.ActiveCfg = Release|Any CPU
		{EBD26A13-2E0A-4B4B-91EB-AC346E892A90}.Release|Any CPU.Build.0 = Release|Any CPU
		{520EA3E4-7D11-4F1B-B25E-373AFA36A2FF}.Debug|Any CPU.ActiveCfg = Debug|Any CPU
		{520EA3E4-7D11-4F1B-B25E-373AFA36A2FF}.Debug|Any CPU.Build.0 = Debug|Any CPU
		{520EA3E4-7D11-4F1B-B25E-373AFA36A2FF}.Release|Any CPU.ActiveCfg = Release|Any CPU
		{520EA3E4-7D11-4F1B-B25E-373AFA36A2FF}.Release|Any CPU.Build.0 = Release|Any CPU
	EndGlobalSection
	GlobalSection(SolutionProperties) = preSolution
		HideSolutionNode = FALSE
	EndGlobalSection
EndGlobal
